
Microsoft Visual Studio Solution File, Format Version 12.00
# Visual Studio 15
VisualStudioVersion = 15.0.27130.2036
MinimumVisualStudioVersion = 10.0.40219.1
Project("{FAE04EC0-301F-11D3-BF4B-00C04F79EFBC}") = "WebApiDemo", "WebApiDemo\WebApiDemo.csproj", "{A5AA33C5-F494-42A7-B91B-8B12272F32FB}"
EndProject
Project("{FAE04EC0-301F-11D3-BF4B-00C04F79EFBC}") = "WebApiDemo.Tests", "WebApiDemo.Tests\WebApiDemo.Tests.csproj", "{2D850770-A0D6-42D9-B280-8A9BD449D071}"
EndProject
Global
	GlobalSection(SolutionConfigurationPlatforms) = preSolution
		Debug|Any CPU = Debug|Any CPU
		Release|Any CPU = Release|Any CPU
	EndGlobalSection
	GlobalSection(ProjectConfigurationPlatforms) = postSolution
		{A5AA33C5-F494-42A7-B91B-8B12272F32FB}.Debug|Any CPU.ActiveCfg = Debug|Any CPU
		{A5AA33C5-F494-42A7-B91B-8B12272F32FB}.Debug|Any CPU.Build.0 = Debug|Any CPU
		{A5AA33C5-F494-42A7-B91B-8B12272F32FB}.Release|Any CPU.ActiveCfg = Release|Any CPU
		{A5AA33C5-F494-42A7-B91B-8B12272F32FB}.Release|Any CPU.Build.0 = Release|Any CPU
		{2D850770-A0D6-42D9-B280-8A9BD449D071}.Debug|Any CPU.ActiveCfg = Debug|Any CPU
		{2D850770-A0D6-42D9-B280-8A9BD449D071}.Debug|Any CPU.Build.0 = Debug|Any CPU
		{2D850770-A0D6-42D9-B280-8A9BD449D071}.Release|Any CPU.ActiveCfg = Release|Any CPU
		{2D850770-A0D6-42D9-B280-8A9BD449D071}.Release|Any CPU.Build.0 = Release|Any CPU
	EndGlobalSection
	GlobalSection(SolutionProperties) = preSolution
		HideSolutionNode = FALSE
	EndGlobalSection
	GlobalSection(ExtensibilityGlobals) = postSolution
		SolutionGuid = {C47CB5B8-E85C-46A9-BF8B-3CF68D2EB9AF}
	EndGlobalSection
EndGlobal
